// !$*UTF8*$!
{
	archiveVersion = 1;
	classes = {
	};
	objectVersion = 56;
	objects = {

/* Begin PBXBuildFile section */
		62BFBAB72D801FC900608F74 /* AppDelegate.swift in Sources */ = {isa = PBXBuildFile; fileRef = 62BFBAB62D801FC900608F74 /* AppDelegate.swift */; };
		62BFBAB92D801FC900608F74 /* SceneDelegate.swift in Sources */ = {isa = PBXBuildFile; fileRef = 62BFBAB82D801FC900608F74 /* SceneDelegate.swift */; };
		62BFBABB2D801FC900608F74 /* ViewController.swift in Sources */ = {isa = PBXBuildFile; fileRef = 62BFBABA2D801FC900608F74 /* ViewController.swift */; };
		62BFBAC12D801FC900608F74 /* SimpleToDoApp.xcdatamodeld in Sources */ = {isa = PBXBuildFile; fileRef = 62BFBABF2D801FC900608F74 /* SimpleToDoApp.xcdatamodeld */; };
		62BFBAC32D801FD600608F74 /* Assets.xcassets in Resources */ = {isa = PBXBuildFile; fileRef = 62BFBAC22D801FD600608F74 /* Assets.xcassets */; };
		62BFBAC62D801FD600608F74 /* LaunchScreen.storyboard in Resources */ = {isa = PBXBuildFile; fileRef = 62BFBAC42D801FD600608F74 /* LaunchScreen.storyboard */; };
		62BFBACE2D8022B900608F74 /* CoreDataManager.swift in Sources */ = {isa = PBXBuildFile; fileRef = 62BFBACD2D8022B900608F74 /* CoreDataManager.swift */; };
		62BFBAD02D82FF8100608F74 /* TaskService.swift in Sources */ = {isa = PBXBuildFile; fileRef = 62BFBACF2D82FF8100608F74 /* TaskService.swift */; };
		62BFBAD22D8302D800608F74 /* TodoViewController.swift in Sources */ = {isa = PBXBuildFile; fileRef = 62BFBAD12D8302D800608F74 /* TodoViewController.swift */; };
		62BFBAD42D83033200608F74 /* TaskCell.swift in Sources */ = {isa = PBXBuildFile; fileRef = 62BFBAD32D83033200608F74 /* TaskCell.swift */; };
		62BFBAD62D8303AC00608F74 /* TaskDetailViewController.swift in Sources */ = {isa = PBXBuildFile; fileRef = 62BFBAD52D8303AC00608F74 /* TaskDetailViewController.swift */; };
		62BFBAD82D8304EB00608F74 /* AddTaskViewController.swift in Sources */ = {isa = PBXBuildFile; fileRef = 62BFBAD72D8304EB00608F74 /* AddTaskViewController.swift */; };
/* End PBXBuildFile section */

/* Begin PBXFileReference section */
		62BFBAB32D801FC900608F74 /* SimpleToDoApp.app */ = {isa = PBXFileReference; explicitFileType = wrapper.application; includeInIndex = 0; path = SimpleToDoApp.app; sourceTree = BUILT_PRODUCTS_DIR; };
		62BFBAB62D801FC900608F74 /* AppDelegate.swift */ = {isa = PBXFileReference; lastKnownFileType = sourcecode.swift; path = AppDelegate.swift; sourceTree = "<group>"; };
		62BFBAB82D801FC900608F74 /* SceneDelegate.swift */ = {isa = PBXFileReference; lastKnownFileType = sourcecode.swift; path = SceneDelegate.swift; sourceTree = "<group>"; };
		62BFBABA2D801FC900608F74 /* ViewController.swift */ = {isa = PBXFileReference; lastKnownFileType = sourcecode.swift; path = ViewController.swift; sourceTree = "<group>"; };
		62BFBAC02D801FC900608F74 /* SimpleToDoApp.xcdatamodel */ = {isa = PBXFileReference; lastKnownFileType = wrapper.xcdatamodel; path = SimpleToDoApp.xcdatamodel; sourceTree = "<group>"; };
		62BFBAC22D801FD600608F74 /* Assets.xcassets */ = {isa = PBXFileReference; lastKnownFileType = folder.assetcatalog; path = Assets.xcassets; sourceTree = "<group>"; };
		62BFBAC52D801FD600608F74 /* Base */ = {isa = PBXFileReference; lastKnownFileType = file.storyboard; name = Base; path = Base.lproj/LaunchScreen.storyboard; sourceTree = "<group>"; };
		62BFBAC72D801FD600608F74 /* Info.plist */ = {isa = PBXFileReference; lastKnownFileType = text.plist.xml; path = Info.plist; sourceTree = "<group>"; };
		62BFBACD2D8022B900608F74 /* CoreDataManager.swift */ = {isa = PBXFileReference; lastKnownFileType = sourcecode.swift; path = CoreDataManager.swift; sourceTree = "<group>"; };
		62BFBACF2D82FF8100608F74 /* TaskService.swift */ = {isa = PBXFileReference; lastKnownFileType = sourcecode.swift; path = TaskService.swift; sourceTree = "<group>"; };
		62BFBAD12D8302D800608F74 /* TodoViewController.swift */ = {isa = PBXFileReference; lastKnownFileType = sourcecode.swift; path = TodoViewController.swift; sourceTree = "<group>"; };
		62BFBAD32D83033200608F74 /* TaskCell.swift */ = {isa = PBXFileReference; lastKnownFileType = sourcecode.swift; path = TaskCell.swift; sourceTree = "<group>"; };
		62BFBAD52D8303AC00608F74 /* TaskDetailViewController.swift */ = {isa = PBXFileReference; lastKnownFileType = sourcecode.swift; path = TaskDetailViewController.swift; sourceTree = "<group>"; };
		62BFBAD72D8304EB00608F74 /* AddTaskViewController.swift */ = {isa = PBXFileReference; lastKnownFileType = sourcecode.swift; path = AddTaskViewController.swift; sourceTree = "<group>"; };
/* End PBXFileReference section */

/* Begin PBXFrameworksBuildPhase section */
		62BFBAB02D801FC900608F74 /* Frameworks */ = {
			isa = PBXFrameworksBuildPhase;
			buildActionMask = 2147483647;
			files = (
			);
			runOnlyForDeploymentPostprocessing = 0;
		};
/* End PBXFrameworksBuildPhase section */

/* Begin PBXGroup section */
		62BFBAAA2D801FC800608F74 = {
			isa = PBXGroup;
			children = (
				62BFBAB52D801FC900608F74 /* SimpleToDoApp */,
				62BFBAB42D801FC900608F74 /* Products */,
			);
			sourceTree = "<group>";
		};
		62BFBAB42D801FC900608F74 /* Products */ = {
			isa = PBXGroup;
			children = (
				62BFBAB32D801FC900608F74 /* SimpleToDoApp.app */,
			);
			name = Products;
			sourceTree = "<group>";
		};
		62BFBAB52D801FC900608F74 /* SimpleToDoApp */ = {
			isa = PBXGroup;
			children = (
				62BFBAB62D801FC900608F74 /* AppDelegate.swift */,
				62BFBAB82D801FC900608F74 /* SceneDelegate.swift */,
				62BFBABA2D801FC900608F74 /* ViewController.swift */,
				62BFBAC22D801FD600608F74 /* Assets.xcassets */,
				62BFBAC42D801FD600608F74 /* LaunchScreen.storyboard */,
				62BFBAC72D801FD600608F74 /* Info.plist */,
				62BFBABF2D801FC900608F74 /* SimpleToDoApp.xcdatamodeld */,
				62BFBACD2D8022B900608F74 /* CoreDataManager.swift */,
				62BFBACF2D82FF8100608F74 /* TaskService.swift */,
				62BFBAD12D8302D800608F74 /* TodoViewController.swift */,
				62BFBAD32D83033200608F74 /* TaskCell.swift */,
				62BFBAD52D8303AC00608F74 /* TaskDetailViewController.swift */,
				62BFBAD72D8304EB00608F74 /* AddTaskViewController.swift */,
			);
			path = SimpleToDoApp;
			sourceTree = "<group>";
		};
/* End PBXGroup section */

/* Begin PBXNativeTarget section */
		62BFBAB22D801FC900608F74 /* SimpleToDoApp */ = {
			isa = PBXNativeTarget;
			buildConfigurationList = 62BFBACA2D801FD600608F74 /* Build configuration list for PBXNativeTarget "SimpleToDoApp" */;
			buildPhases = (
				62BFBAAF2D801FC900608F74 /* Sources */,
				62BFBAB02D801FC900608F74 /* Frameworks */,
				62BFBAB12D801FC900608F74 /* Resources */,
			);
			buildRules = (
			);
			dependencies = (
			);
			name = SimpleToDoApp;
			productName = SimpleToDoApp;
			productReference = 62BFBAB32D801FC900608F74 /* SimpleToDoApp.app */;
			productType = "com.apple.product-type.application";
		};
/* End PBXNativeTarget section */

/* Begin PBXProject section */
		62BFBAAB2D801FC800608F74 /* Project object */ = {
			isa = PBXProject;
			attributes = {
				BuildIndependentTargetsInParallel = 1;
				LastSwiftUpdateCheck = 1500;
				LastUpgradeCheck = 1500;
				TargetAttributes = {
					62BFBAB22D801FC900608F74 = {
						CreatedOnToolsVersion = 15.0.1;
					};
				};
			};
			buildConfigurationList = 62BFBAAE2D801FC800608F74 /* Build configuration list for PBXProject "SimpleToDoApp" */;
			compatibilityVersion = "Xcode 14.0";
			developmentRegion = en;
			hasScannedForEncodings = 0;
			knownRegions = (
				en,
				Base,
			);
			mainGroup = 62BFBAAA2D801FC800608F74;
			productRefGroup = 62BFBAB42D801FC900608F74 /* Products */;
			projectDirPath = "";
			projectRoot = "";
			targets = (
				62BFBAB22D801FC900608F74 /* SimpleToDoApp */,
			);
		};
/* End PBXProject section */

/* Begin PBXResourcesBuildPhase section */
		62BFBAB12D801FC900608F74 /* Resources */ = {
			isa = PBXResourcesBuildPhase;
			buildActionMask = 2147483647;
			files = (
				62BFBAC62D801FD600608F74 /* LaunchScreen.storyboard in Resources */,
				62BFBAC32D801FD600608F74 /* Assets.xcassets in Resources */,
			);
			runOnlyForDeploymentPostprocessing = 0;
		};
/* End PBXResourcesBuildPhase section */

/* Begin PBXSourcesBuildPhase section */
		62BFBAAF2D801FC900608F74 /* Sources */ = {
			isa = PBXSourcesBuildPhase;
			buildActionMask = 2147483647;
			files = (
				62BFBAD62D8303AC00608F74 /* TaskDetailViewController.swift in Sources */,
				62BFBABB2D801FC900608F74 /* ViewController.swift in Sources */,
				62BFBAB72D801FC900608F74 /* AppDelegate.swift in Sources */,
				62BFBAD22D8302D800608F74 /* TodoViewController.swift in Sources */,
				62BFBAD02D82FF8100608F74 /* TaskService.swift in Sources */,
				62BFBAD42D83033200608F74 /* TaskCell.swift in Sources */,
				62BFBAB92D801FC900608F74 /* SceneDelegate.swift in Sources */,
				62BFBACE2D8022B900608F74 /* CoreDataManager.swift in Sources */,
				62BFBAC12D801FC900608F74 /* SimpleToDoApp.xcdatamodeld in Sources */,
				62BFBAD82D8304EB00608F74 /* AddTaskViewController.swift in Sources */,
			);
			runOnlyForDeploymentPostprocessing = 0;
		};
/* End PBXSourcesBuildPhase section */

/* Begin PBXVariantGroup section */
		62BFBAC42D801FD600608F74 /* LaunchScreen.storyboard */ = {
			isa = PBXVariantGroup;
			children = (
				62BFBAC52D801FD600608F74 /* Base */,
			);
			name = LaunchScreen.storyboard;
			sourceTree = "<group>";
		};
/* End PBXVariantGroup section */

/* Begin XCBuildConfiguration section */
		62BFBAC82D801FD600608F74 /* Debug */ = {
			isa = XCBuildConfiguration;
			buildSettings = {
				ALWAYS_SEARCH_USER_PATHS = NO;
				ASSETCATALOG_COMPILER_GENERATE_SWIFT_ASSET_SYMBOL_EXTENSIONS = YES;
				CLANG_ANALYZER_NONNULL = YES;
				CLANG_ANALYZER_NUMBER_OBJECT_CONVERSION = YES_AGGRESSIVE;
				CLANG_CXX_LANGUAGE_STANDARD = "gnu++20";
				CLANG_ENABLE_MODULES = YES;
				CLANG_ENABLE_OBJC_ARC = YES;
				CLANG_ENABLE_OBJC_WEAK = YES;
				CLANG_WARN_BLOCK_CAPTURE_AUTORELEASING = YES;
				CLANG_WARN_BOOL_CONVERSION = YES;
				CLANG_WARN_COMMA = YES;
				CLANG_WARN_CONSTANT_CONVERSION = YES;
				CLANG_WARN_DEPRECATED_OBJC_IMPLEMENTATIONS = YES;
				CLANG_WARN_DIRECT_OBJC_ISA_USAGE = YES_ERROR;
				CLANG_WARN_DOCUMENTATION_COMMENTS = YES;
				CLANG_WARN_EMPTY_BODY = YES;
				CLANG_WARN_ENUM_CONVERSION = YES;
				CLANG_WARN_INFINITE_RECURSION = YES;
				CLANG_WARN_INT_CONVERSION = YES;
				CLANG_WARN_NON_LITERAL_NULL_CONVERSION = YES;
				CLANG_WARN_OBJC_IMPLICIT_RETAIN_SELF = YES;
				CLANG_WARN_OBJC_LITERAL_CONVERSION = YES;
				CLANG_WARN_OBJC_ROOT_CLASS = YES_ERROR;
				CLANG_WARN_QUOTED_INCLUDE_IN_FRAMEWORK_HEADER = YES;
				CLANG_WARN_RANGE_LOOP_ANALYSIS = YES;
				CLANG_WARN_STRICT_PROTOTYPES = YES;
				CLANG_WARN_SUSPICIOUS_MOVE = YES;
				CLANG_WARN_UNGUARDED_AVAILABILITY = YES_AGGRESSIVE;
				CLANG_WARN_UNREACHABLE_CODE = YES;
				CLANG_WARN__DUPLICATE_METHOD_MATCH = YES;
				COPY_PHASE_STRIP = NO;
				DEBUG_INFORMATION_FORMAT = dwarf;
				ENABLE_STRICT_OBJC_MSGSEND = YES;
				ENABLE_TESTABILITY = YES;
				ENABLE_USER_SCRIPT_SANDBOXING = YES;
				GCC_C_LANGUAGE_STANDARD = gnu17;
				GCC_DYNAMIC_NO_PIC = NO;
				GCC_NO_COMMON_BLOCKS = YES;
				GCC_OPTIMIZATION_LEVEL = 0;
				GCC_PREPROCESSOR_DEFINITIONS = (
					"DEBUG=1",
					"$(inherited)",
				);
				GCC_WARN_64_TO_32_BIT_CONVERSION = YES;
				GCC_WARN_ABOUT_RETURN_TYPE = YES_ERROR;
				GCC_WARN_UNDECLARED_SELECTOR = YES;
				GCC_WARN_UNINITIALIZED_AUTOS = YES_AGGRESSIVE;
				GCC_WARN_UNUSED_FUNCTION = YES;
				GCC_WARN_UNUSED_VARIABLE = YES;
				IPHONEOS_DEPLOYMENT_TARGET = 17.0;
				LOCALIZATION_PREFERS_STRING_CATALOGS = YES;
				MTL_ENABLE_DEBUG_INFO = INCLUDE_SOURCE;
				MTL_FAST_MATH = YES;
				ONLY_ACTIVE_ARCH = YES;
				SDKROOT = iphoneos;
				SWIFT_ACTIVE_COMPILATION_CONDITIONS = "DEBUG $(inherited)";
				SWIFT_OPTIMIZATION_LEVEL = "-Onone";
			};
			name = Debug;
		};
		62BFBAC92D801FD600608F74 /* Release */ = {
			isa = XCBuildConfiguration;
			buildSettings = {
				ALWAYS_SEARCH_USER_PATHS = NO;
				ASSETCATALOG_COMPILER_GENERATE_SWIFT_ASSET_SYMBOL_EXTENSIONS = YES;
				CLANG_ANALYZER_NONNULL = YES;
				CLANG_ANALYZER_NUMBER_OBJECT_CONVERSION = YES_AGGRESSIVE;
				CLANG_CXX_LANGUAGE_STANDARD = "gnu++20";
				CLANG_ENABLE_MODULES = YES;
				CLANG_ENABLE_OBJC_ARC = YES;
				CLANG_ENABLE_OBJC_WEAK = YES;
				CLANG_WARN_BLOCK_CAPTURE_AUTORELEASING = YES;
				CLANG_WARN_BOOL_CONVERSION = YES;
				CLANG_WARN_COMMA = YES;
				CLANG_WARN_CONSTANT_CONVERSION = YES;
				CLANG_WARN_DEPRECATED_OBJC_IMPLEMENTATIONS = YES;
				CLANG_WARN_DIRECT_OBJC_ISA_USAGE = YES_ERROR;
				CLANG_WARN_DOCUMENTATION_COMMENTS = YES;
				CLANG_WARN_EMPTY_BODY = YES;
				CLANG_WARN_ENUM_CONVERSION = YES;
				CLANG_WARN_INFINITE_RECURSION = YES;
				CLANG_WARN_INT_CONVERSION = YES;
				CLANG_WARN_NON_LITERAL_NULL_CONVERSION = YES;
				CLANG_WARN_OBJC_IMPLICIT_RETAIN_SELF = YES;
				CLANG_WARN_OBJC_LITERAL_CONVERSION = YES;
				CLANG_WARN_OBJC_ROOT_CLASS = YES_ERROR;
				CLANG_WARN_QUOTED_INCLUDE_IN_FRAMEWORK_HEADER = YES;
				CLANG_WARN_RANGE_LOOP_ANALYSIS = YES;
				CLANG_WARN_STRICT_PROTOTYPES = YES;
				CLANG_WARN_SUSPICIOUS_MOVE = YES;
				CLANG_WARN_UNGUARDED_AVAILABILITY = YES_AGGRESSIVE;
				CLANG_WARN_UNREACHABLE_CODE = YES;
				CLANG_WARN__DUPLICATE_METHOD_MATCH = YES;
				COPY_PHASE_STRIP = NO;
				DEBUG_INFORMATION_FORMAT = "dwarf-with-dsym";
				ENABLE_NS_ASSERTIONS = NO;
				ENABLE_STRICT_OBJC_MSGSEND = YES;
				ENABLE_USER_SCRIPT_SANDBOXING = YES;
				GCC_C_LANGUAGE_STANDARD = gnu17;
				GCC_NO_COMMON_BLOCKS = YES;
				GCC_WARN_64_TO_32_BIT_CONVERSION = YES;
				GCC_WARN_ABOUT_RETURN_TYPE = YES_ERROR;
				GCC_WARN_UNDECLARED_SELECTOR = YES;
				GCC_WARN_UNINITIALIZED_AUTOS = YES_AGGRESSIVE;
				GCC_WARN_UNUSED_FUNCTION = YES;
				GCC_WARN_UNUSED_VARIABLE = YES;
				IPHONEOS_DEPLOYMENT_TARGET = 17.0;
				LOCALIZATION_PREFERS_STRING_CATALOGS = YES;
				MTL_ENABLE_DEBUG_INFO = NO;
				MTL_FAST_MATH = YES;
				SDKROOT = iphoneos;
				SWIFT_COMPILATION_MODE = wholemodule;
				VALIDATE_PRODUCT = YES;
			};
			name = Release;
		};
		62BFBACB2D801FD600608F74 /* Debug */ = {
			isa = XCBuildConfiguration;
			buildSettings = {
				ASSETCATALOG_COMPILER_APPICON_NAME = AppIcon;
				ASSETCATALOG_COMPILER_GLOBAL_ACCENT_COLOR_NAME = AccentColor;
				CODE_SIGN_STYLE = Automatic;
				CURRENT_PROJECT_VERSION = 1;
				DEVELOPMENT_TEAM = UTDRNA569G;
				GENERATE_INFOPLIST_FILE = YES;
				INFOPLIST_FILE = SimpleToDoApp/Info.plist;
				INFOPLIST_KEY_UIApplicationSupportsIndirectInputEvents = YES;
				INFOPLIST_KEY_UILaunchStoryboardName = LaunchScreen;
				INFOPLIST_KEY_UISupportedInterfaceOrientations_iPad = "UIInterfaceOrientationPortrait UIInterfaceOrientationPortraitUpsideDown UIInterfaceOrientationLandscapeLeft UIInterfaceOrientationLandscapeRight";
				INFOPLIST_KEY_UISupportedInterfaceOrientations_iPhone = "UIInterfaceOrientationPortrait UIInterfaceOrientationLandscapeLeft UIInterfaceOrientationLandscapeRight";
				LD_RUNPATH_SEARCH_PATHS = (
					"$(inherited)",
					"@executable_path/Frameworks",
				);
				MARKETING_VERSION = 1.0;
				PRODUCT_BUNDLE_IDENTIFIER = baiaskhat.application.SimpleToDoApp;
				PRODUCT_NAME = "$(TARGET_NAME)";
				SWIFT_EMIT_LOC_STRINGS = YES;
				SWIFT_VERSION = 5.0;
				TARGETED_DEVICE_FAMILY = "1,2";
			};
			name = Debug;
		};
		62BFBACC2D801FD600608F74 /* Release */ = {
			isa = XCBuildConfiguration;
			buildSettings = {
				ASSETCATALOG_COMPILER_APPICON_NAME = AppIcon;
				ASSETCATALOG_COMPILER_GLOBAL_ACCENT_COLOR_NAME = AccentColor;
				CODE_SIGN_STYLE = Automatic;
				CURRENT_PROJECT_VERSION = 1;
				DEVELOPMENT_TEAM = UTDRNA569G;
				GENERATE_INFOPLIST_FILE = YES;
				INFOPLIST_FILE = SimpleToDoApp/Info.plist;
				INFOPLIST_KEY_UIApplicationSupportsIndirectInputEvents = YES;
				INFOPLIST_KEY_UILaunchStoryboardName = LaunchScreen;
				INFOPLIST_KEY_UISupportedInterfaceOrientations_iPad = "UIInterfaceOrientationPortrait UIInterfaceOrientationPortraitUpsideDown UIInterfaceOrientationLandscapeLeft UIInterfaceOrientationLandscapeRight";
				INFOPLIST_KEY_UISupportedInterfaceOrientations_iPhone = "UIInterfaceOrientationPortrait UIInterfaceOrientationLandscapeLeft UIInterfaceOrientationLandscapeRight";
				LD_RUNPATH_SEARCH_PATHS = (
					"$(inherited)",
					"@executable_path/Frameworks",
				);
				MARKETING_VERSION = 1.0;
				PRODUCT_BUNDLE_IDENTIFIER = baiaskhat.application.SimpleToDoApp;
				PRODUCT_NAME = "$(TARGET_NAME)";
				SWIFT_EMIT_LOC_STRINGS = YES;
				SWIFT_VERSION = 5.0;
				TARGETED_DEVICE_FAMILY = "1,2";
			};
			name = Release;
		};
/* End XCBuildConfiguration section */

/* Begin XCConfigurationList section */
		62BFBAAE2D801FC800608F74 /* Build configuration list for PBXProject "SimpleToDoApp" */ = {
			isa = XCConfigurationList;
			buildConfigurations = (
				62BFBAC82D801FD600608F74 /* Debug */,
				62BFBAC92D801FD600608F74 /* Release */,
			);
			defaultConfigurationIsVisible = 0;
			defaultConfigurationName = Release;
		};
		62BFBACA2D801FD600608F74 /* Build configuration list for PBXNativeTarget "SimpleToDoApp" */ = {
			isa = XCConfigurationList;
			buildConfigurations = (
				62BFBACB2D801FD600608F74 /* Debug */,
				62BFBACC2D801FD600608F74 /* Release */,
			);
			defaultConfigurationIsVisible = 0;
			defaultConfigurationName = Release;
		};
/* End XCConfigurationList section */

/* Begin XCVersionGroup section */
		62BFBABF2D801FC900608F74 /* SimpleToDoApp.xcdatamodeld */ = {
			isa = XCVersionGroup;
			children = (
				62BFBAC02D801FC900608F74 /* SimpleToDoApp.xcdatamodel */,
			);
			currentVersion = 62BFBAC02D801FC900608F74 /* SimpleToDoApp.xcdatamodel */;
			path = SimpleToDoApp.xcdatamodeld;
			sourceTree = "<group>";
			versionGroupType = wrapper.xcdatamodel;
		};
/* End XCVersionGroup section */
	};
	rootObject = 62BFBAAB2D801FC800608F74 /* Project object */;
}
